Microsoft Visual Studio Solution File, Format Version 12.00
# Visual Studio 15
VisualStudioVersion = 15.0.27130.2003
MinimumVisualStudioVersion = 15.0.26124.0
Project("{9A19103F-16F7-4668-BE54-9A1E7A4F7556}") = "PowerShellEditorServices.Atom", "src\PSToolsmiths.PowerShell.Atom\PowerShellEditorServices.Atom.csproj", "{FDDEE871-FAC9-4CF5-872B-A528139BC526}"
EndProject
Global
	GlobalSection(SolutionConfigurationPlatforms) = preSolution
		Debug|Any CPU = Debug|Any CPU
		Debug|x64 = Debug|x64
		Debug|x86 = Debug|x86
		Release|Any CPU = Release|Any CPU
		Release|x64 = Release|x64
		Release|x86 = Release|x86
	EndGlobalSection
	GlobalSection(ProjectConfigurationPlatforms) = postSolution
		{FDDEE871-FAC9-4CF5-872B-A528139BC526}.Debug|Any CPU.ActiveCfg = Debug|Any CPU
		{FDDEE871-FAC9-4CF5-872B-A528139BC526}.Debug|Any CPU.Build.0 = Debug|Any CPU
		{FDDEE871-FAC9-4CF5-872B-A528139BC526}.Debug|x64.ActiveCfg = Debug|Any CPU
		{FDDEE871-FAC9-4CF5-872B-A528139BC526}.Debug|x64.Build.0 = Debug|Any CPU
		{FDDEE871-FAC9-4CF5-872B-A528139BC526}.Debug|x86.ActiveCfg = Debug|Any CPU
		{FDDEE871-FAC9-4CF5-872B-A528139BC526}.Debug|x86.Build.0 = Debug|Any CPU
		{FDDEE871-FAC9-4CF5-872B-A528139BC526}.Release|Any CPU.ActiveCfg = Release|Any CPU
		{FDDEE871-FAC9-4CF5-872B-A528139BC526}.Release|Any CPU.Build.0 = Release|Any CPU
		{FDDEE871-FAC9-4CF5-872B-A528139BC526}.Release|x64.ActiveCfg = Release|Any CPU
		{FDDEE871-FAC9-4CF5-872B-A528139BC526}.Release|x64.Build.0 = Release|Any CPU
		{FDDEE871-FAC9-4CF5-872B-A528139BC526}.Release|x86.ActiveCfg = Release|Any CPU
		{FDDEE871-FAC9-4CF5-872B-A528139BC526}.Release|x86.Build.0 = Release|Any CPU
	EndGlobalSection
	GlobalSection(SolutionProperties) = preSolution
		HideSolutionNode = FALSE
	EndGlobalSection
	GlobalSection(ExtensibilityGlobals) = postSolution
		SolutionGuid = {A3B79536-E9CC-44AC-899F-07209554AABF}
	EndGlobalSection
EndGlobal
